dependencies:
- name: postgresql
  repository: https://charts.bitnami.com/bitnami
  version: 18.8.0
- name: redis
  repository: https://charts.bitnami.com/bitnami
  version: 27.0.15
- name: minio
  repository: https://charts.min.io/
  version: 5.4.0
- name: traefik
  repository: https://helm.traefik.io/traefik
  version: 28.3.0
- name: livekit-server
  repository: https://helm.livekit.io
  version: 1.9.0
digest: sha256:04375eede0e4d838a225cbb3c81f7e1dcdce6e5cfc832677441e7226f676e271
generated: "2026-07-23T00:46:11.255581157Z"
