dependencies:
- name: postgresql
  repository: https://charts.bitnami.com/bitnami
  version: 13.4.4
- name: minio
  repository: https://charts.bitnami.com/bitnami
  version: 12.13.2
- name: redis
  repository: https://charts.bitnami.com/bitnami
  version: 19.6.4
digest: sha256:df90c63ff2a30e58e7540a7f26143f68e117dae7779082d00355139365224d18
generated: "2026-07-11T19:55:27.665838379Z"
